
Microsoft Visual Studio Solution File, Format Version 12.00
# Visual Studio 15
VisualStudioVersion = 15.0.27130.2036
MinimumVisualStudioVersion = 10.0.40219.1
Project("{888888A0-9F3D-457C-B088-3A5042F75D52}") = "PlateGen", "PlateGen\PlateGen.pyproj", "{0FF41E11-5107-41DA-80B7-F82923D443E9}"
EndProject
Global
	GlobalSection(SolutionConfigurationPlatforms) = preSolution
		Debug|Any CPU = Debug|Any CPU
		Release|Any CPU = Release|Any CPU
	EndGlobalSection
	GlobalSection(ProjectConfigurationPlatforms) = postSolution
		{0FF41E11-5107-41DA-80B7-F82923D443E9}.Debug|Any CPU.ActiveCfg = Debug|Any CPU
		{0FF41E11-5107-41DA-80B7-F82923D443E9}.Release|Any CPU.ActiveCfg = Release|Any CPU
	EndGlobalSection
	GlobalSection(SolutionProperties) = preSolution
		HideSolutionNode = FALSE
	EndGlobalSection
	GlobalSection(ExtensibilityGlobals) = postSolution
		SolutionGuid = {C5634B17-FD27-495B-A6A6-F54E224F0325}
	EndGlobalSection
EndGlobal
